
Microsoft Visual Studio Solution File, Format Version 12.00
# Visual Studio Version 17
VisualStudioVersion = 17.13.35931.197
MinimumVisualStudioVersion = 10.0.40219.1
Project("{FAE04EC0-301F-11D3-BF4B-00C04F79EFBC}") = "MEDIXRAYS", "MEDIXRAYS\MEDIXRAYS.csproj", "{804A3739-2FA8-4472-89EF-F68C7722058E}"
EndProject
Project("{FAE04EC0-301F-11D3-BF4B-00C04F79EFBC}") = "Medixrays.LicenseGenerator", "Medixrays.LicenseGenerator\Medixrays.LicenseGenerator.csproj", "{921594BC-0A3C-4B64-A68E-75EDD39D98C5}"
EndProject
Project("{FAE04EC0-301F-11D3-BF4B-00C04F79EFBC}") = "DicomNActionClient", "DicomNActionClient\DicomNActionClient.csproj", "{0E4252A4-246F-4849-8810-19B5BCB2D134}"
EndProject
Global
	GlobalSection(SolutionConfigurationPlatforms) = preSolution
		Debug|Any CPU = Debug|Any CPU
		Release|Any CPU = Release|Any CPU
	EndGlobalSection
	GlobalSection(ProjectConfigurationPlatforms) = postSolution
		{804A3739-2FA8-4472-89EF-F68C7722058E}.Debug|Any CPU.ActiveCfg = Debug|Any CPU
		{804A3739-2FA8-4472-89EF-F68C7722058E}.Debug|Any CPU.Build.0 = Debug|Any CPU
		{804A3739-2FA8-4472-89EF-F68C7722058E}.Release|Any CPU.ActiveCfg = Release|Any CPU
		{804A3739-2FA8-4472-89EF-F68C7722058E}.Release|Any CPU.Build.0 = Release|Any CPU
		{921594BC-0A3C-4B64-A68E-75EDD39D98C5}.Debug|Any CPU.ActiveCfg = Debug|Any CPU
		{921594BC-0A3C-4B64-A68E-75EDD39D98C5}.Debug|Any CPU.Build.0 = Debug|Any CPU
		{921594BC-0A3C-4B64-A68E-75EDD39D98C5}.Release|Any CPU.ActiveCfg = Release|Any CPU
		{921594BC-0A3C-4B64-A68E-75EDD39D98C5}.Release|Any CPU.Build.0 = Release|Any CPU
		{0E4252A4-246F-4849-8810-19B5BCB2D134}.Debug|Any CPU.ActiveCfg = Debug|Any CPU
		{0E4252A4-246F-4849-8810-19B5BCB2D134}.Debug|Any CPU.Build.0 = Debug|Any CPU
		{0E4252A4-246F-4849-8810-19B5BCB2D134}.Release|Any CPU.ActiveCfg = Release|Any CPU
		{0E4252A4-246F-4849-8810-19B5BCB2D134}.Release|Any CPU.Build.0 = Release|Any CPU
	EndGlobalSection
	GlobalSection(SolutionProperties) = preSolution
		HideSolutionNode = FALSE
	EndGlobalSection
	GlobalSection(ExtensibilityGlobals) = postSolution
		SolutionGuid = {CA9A9269-0C7F-4301-98D5-6364CB42AA11}
	EndGlobalSection
EndGlobal
